
Microsoft Visual Studio Solution File, Format Version 12.00
# Visual Studio 15
VisualStudioVersion = 15.0.28010.2026
MinimumVisualStudioVersion = 10.0.40219.1
Project("{9A19103F-16F7-4668-BE54-9A1E7A4F7556}") = "FactoryMethod", "FactoryMethod\FactoryMethod.csproj", "{5087A727-22F9-467A-9BBF-41F4215091D6}"
EndProject
Project("{9A19103F-16F7-4668-BE54-9A1E7A4F7556}") = "Abstract Factory", "Abstract Factory\Abstract Factory.csproj", "{49325DEF-98C3-4628-9C37-FE0CB1E3C14B}"
EndProject
Project("{9A19103F-16F7-4668-BE54-9A1E7A4F7556}") = "SingleTon", "SingleTon\SingleTon.csproj", "{09DA8CEB-1FCF-4FB7-ADA0-45A919307A28}"
EndProject
Project("{9A19103F-16F7-4668-BE54-9A1E7A4F7556}") = "MultithreadSingleton", "MultithreadSingleton\MultithreadSingleton.csproj", "{BB451301-08AD-480B-8278-0C75024CD695}"
EndProject
Project("{9A19103F-16F7-4668-BE54-9A1E7A4F7556}") = "Prototype", "Prototype\Prototype.csproj", "{B4F69E73-A834-4C65-B9DB-F9E780F75DDA}"
EndProject
Project("{9A19103F-16F7-4668-BE54-9A1E7A4F7556}") = "Builder", "Builder\Builder.csproj", "{B483C1EB-539D-4E0A-B03F-7AEA0EE1A4C6}"
EndProject
Project("{9A19103F-16F7-4668-BE54-9A1E7A4F7556}") = "Strategy", "Strategy\Strategy.csproj", "{C31C7CD7-1282-4AF5-9F37-216AB77DEFF4}"
EndProject
Project("{9A19103F-16F7-4668-BE54-9A1E7A4F7556}") = "Observer", "Observer\Observer.csproj", "{8F5507EE-E64A-48D6-BA7F-F2AC17C8124F}"
EndProject
Project("{9A19103F-16F7-4668-BE54-9A1E7A4F7556}") = "Command", "Command\Command.csproj", "{1532ABCC-64EA-463B-AF50-DCCCDA8B3A36}"
EndProject
Project("{9A19103F-16F7-4668-BE54-9A1E7A4F7556}") = "TemplateMethod", "TemplateMethod\TemplateMethod.csproj", "{FBB1F0B1-D0A0-478D-AECA-EDA03F478D10}"
EndProject
Project("{9A19103F-16F7-4668-BE54-9A1E7A4F7556}") = "Iterator", "Iterator\Iterator.csproj", "{66DEA805-A956-463C-B629-1CED58DDF320}"
EndProject
Project("{9A19103F-16F7-4668-BE54-9A1E7A4F7556}") = "State", "State\State.csproj", "{50CA185B-2576-4AC7-AADF-E5AC3223BD39}"
EndProject
Project("{9A19103F-16F7-4668-BE54-9A1E7A4F7556}") = "ChainOfResponsibility", "ChainOfResponsibility\ChainOfResponsibility.csproj", "{86A23B70-F318-43AF-B5BB-7A3DA6EA3B6B}"
EndProject
Project("{9A19103F-16F7-4668-BE54-9A1E7A4F7556}") = "Interpreter", "Interpreter\Interpreter.csproj", "{E97C6D15-D36A-4D83-AF74-715D13AFE8B7}"
EndProject
Project("{9A19103F-16F7-4668-BE54-9A1E7A4F7556}") = "Mediator", "Mediator\Mediator.csproj", "{F03D781E-BED3-493F-AE63-313105A4BB31}"
EndProject
Project("{9A19103F-16F7-4668-BE54-9A1E7A4F7556}") = "Memento", "Memento\Memento.csproj", "{AF86D73F-E82F-4517-9440-289797D9E4D1}"
EndProject
Project("{9A19103F-16F7-4668-BE54-9A1E7A4F7556}") = "Visitor", "Visitor\Visitor.csproj", "{D10C39DA-F41A-4FBB-97FD-E40040B9FD78}"
EndProject
Project("{9A19103F-16F7-4668-BE54-9A1E7A4F7556}") = "Decorator", "Decorator\Decorator.csproj", "{1EE863EF-84A9-4837-860F-6D086587E91A}"
EndProject
Project("{9A19103F-16F7-4668-BE54-9A1E7A4F7556}") = "Adapter", "Adapter\Adapter.csproj", "{9BF84B7A-D8E7-4EAF-A48B-BF98D75FB5CA}"
EndProject
Project("{FAE04EC0-301F-11D3-BF4B-00C04F79EFBC}") = "Facade", "Facade\Facade.csproj", "{B1F1E15D-82F5-4BC2-8DA4-82AEC680EA54}"
EndProject
Global
	GlobalSection(SolutionConfigurationPlatforms) = preSolution
		Debug|Any CPU = Debug|Any CPU
		Release|Any CPU = Release|Any CPU
	EndGlobalSection
	GlobalSection(ProjectConfigurationPlatforms) = postSolution
		{5087A727-22F9-467A-9BBF-41F4215091D6}.Debug|Any CPU.ActiveCfg = Debug|Any CPU
		{5087A727-22F9-467A-9BBF-41F4215091D6}.Debug|Any CPU.Build.0 = Debug|Any CPU
		{5087A727-22F9-467A-9BBF-41F4215091D6}.Release|Any CPU.ActiveCfg = Release|Any CPU
		{5087A727-22F9-467A-9BBF-41F4215091D6}.Release|Any CPU.Build.0 = Release|Any CPU
		{49325DEF-98C3-4628-9C37-FE0CB1E3C14B}.Debug|Any CPU.ActiveCfg = Debug|Any CPU
		{49325DEF-98C3-4628-9C37-FE0CB1E3C14B}.Debug|Any CPU.Build.0 = Debug|Any CPU
		{49325DEF-98C3-4628-9C37-FE0CB1E3C14B}.Release|Any CPU.ActiveCfg = Release|Any CPU
		{49325DEF-98C3-4628-9C37-FE0CB1E3C14B}.Release|Any CPU.Build.0 = Release|Any CPU
		{09DA8CEB-1FCF-4FB7-ADA0-45A919307A28}.Debug|Any CPU.ActiveCfg = Debug|Any CPU
		{09DA8CEB-1FCF-4FB7-ADA0-45A919307A28}.Debug|Any CPU.Build.0 = Debug|Any CPU
		{09DA8CEB-1FCF-4FB7-ADA0-45A919307A28}.Release|Any CPU.ActiveCfg = Release|Any CPU
		{09DA8CEB-1FCF-4FB7-ADA0-45A919307A28}.Release|Any CPU.Build.0 = Release|Any CPU
		{BB451301-08AD-480B-8278-0C75024CD695}.Debug|Any CPU.ActiveCfg = Debug|Any CPU
		{BB451301-08AD-480B-8278-0C75024CD695}.Debug|Any CPU.Build.0 = Debug|Any CPU
		{BB451301-08AD-480B-8278-0C75024CD695}.Release|Any CPU.ActiveCfg = Release|Any CPU
		{BB451301-08AD-480B-8278-0C75024CD695}.Release|Any CPU.Build.0 = Release|Any CPU
		{B4F69E73-A834-4C65-B9DB-F9E780F75DDA}.Debug|Any CPU.ActiveCfg = Debug|Any CPU
		{B4F69E73-A834-4C65-B9DB-F9E780F75DDA}.Debug|Any CPU.Build.0 = Debug|Any CPU
		{B4F69E73-A834-4C65-B9DB-F9E780F75DDA}.Release|Any CPU.ActiveCfg = Release|Any CPU
		{B4F69E73-A834-4C65-B9DB-F9E780F75DDA}.Release|Any CPU.Build.0 = Release|Any CPU
		{B483C1EB-539D-4E0A-B03F-7AEA0EE1A4C6}.Debug|Any CPU.ActiveCfg = Debug|Any CPU
		{B483C1EB-539D-4E0A-B03F-7AEA0EE1A4C6}.Debug|Any CPU.Build.0 = Debug|Any CPU
		{B483C1EB-539D-4E0A-B03F-7AEA0EE1A4C6}.Release|Any CPU.ActiveCfg = Release|Any CPU
		{B483C1EB-539D-4E0A-B03F-7AEA0EE1A4C6}.Release|Any CPU.Build.0 = Release|Any CPU
		{C31C7CD7-1282-4AF5-9F37-216AB77DEFF4}.Debug|Any CPU.ActiveCfg = Debug|Any CPU
		{C31C7CD7-1282-4AF5-9F37-216AB77DEFF4}.Debug|Any CPU.Build.0 = Debug|Any CPU
		{C31C7CD7-1282-4AF5-9F37-216AB77DEFF4}.Release|Any CPU.ActiveCfg = Release|Any CPU
		{C31C7CD7-1282-4AF5-9F37-216AB77DEFF4}.Release|Any CPU.Build.0 = Release|Any CPU
		{8F5507EE-E64A-48D6-BA7F-F2AC17C8124F}.Debug|Any CPU.ActiveCfg = Debug|Any CPU
		{8F5507EE-E64A-48D6-BA7F-F2AC17C8124F}.Debug|Any CPU.Build.0 = Debug|Any CPU
		{8F5507EE-E64A-48D6-BA7F-F2AC17C8124F}.Release|Any CPU.ActiveCfg = Release|Any CPU
		{8F5507EE-E64A-48D6-BA7F-F2AC17C8124F}.Release|Any CPU.Build.0 = Release|Any CPU
		{1532ABCC-64EA-463B-AF50-DCCCDA8B3A36}.Debug|Any CPU.ActiveCfg = Debug|Any CPU
		{1532ABCC-64EA-463B-AF50-DCCCDA8B3A36}.Debug|Any CPU.Build.0 = Debug|Any CPU
		{1532ABCC-64EA-463B-AF50-DCCCDA8B3A36}.Release|Any CPU.ActiveCfg = Release|Any CPU
		{1532ABCC-64EA-463B-AF50-DCCCDA8B3A36}.Release|Any CPU.Build.0 = Release|Any CPU
		{FBB1F0B1-D0A0-478D-AECA-EDA03F478D10}.Debug|Any CPU.ActiveCfg = Debug|Any CPU
		{FBB1F0B1-D0A0-478D-AECA-EDA03F478D10}.Debug|Any CPU.Build.0 = Debug|Any CPU
		{FBB1F0B1-D0A0-478D-AECA-EDA03F478D10}.Release|Any CPU.ActiveCfg = Release|Any CPU
		{FBB1F0B1-D0A0-478D-AECA-EDA03F478D10}.Release|Any CPU.Build.0 = Release|Any CPU
		{66DEA805-A956-463C-B629-1CED58DDF320}.Debug|Any CPU.ActiveCfg = Debug|Any CPU
		{66DEA805-A956-463C-B629-1CED58DDF320}.Debug|Any CPU.Build.0 = Debug|Any CPU
		{66DEA805-A956-463C-B629-1CED58DDF320}.Release|Any CPU.ActiveCfg = Release|Any CPU
		{66DEA805-A956-463C-B629-1CED58DDF320}.Release|Any CPU.Build.0 = Release|Any CPU
		{50CA185B-2576-4AC7-AADF-E5AC3223BD39}.Debug|Any CPU.ActiveCfg = Debug|Any CPU
		{50CA185B-2576-4AC7-AADF-E5AC3223BD39}.Debug|Any CPU.Build.0 = Debug|Any CPU
		{50CA185B-2576-4AC7-AADF-E5AC3223BD39}.Release|Any CPU.ActiveCfg = Release|Any CPU
		{50CA185B-2576-4AC7-AADF-E5AC3223BD39}.Release|Any CPU.Build.0 = Release|Any CPU
		{86A23B70-F318-43AF-B5BB-7A3DA6EA3B6B}.Debug|Any CPU.ActiveCfg = Debug|Any CPU
		{86A23B70-F318-43AF-B5BB-7A3DA6EA3B6B}.Debug|Any CPU.Build.0 = Debug|Any CPU
		{86A23B70-F318-43AF-B5BB-7A3DA6EA3B6B}.Release|Any CPU.ActiveCfg = Release|Any CPU
		{86A23B70-F318-43AF-B5BB-7A3DA6EA3B6B}.Release|Any CPU.Build.0 = Release|Any CPU
		{E97C6D15-D36A-4D83-AF74-715D13AFE8B7}.Debug|Any CPU.ActiveCfg = Debug|Any CPU
		{E97C6D15-D36A-4D83-AF74-715D13AFE8B7}.Debug|Any CPU.Build.0 = Debug|Any CPU
		{E97C6D15-D36A-4D83-AF74-715D13AFE8B7}.Release|Any CPU.ActiveCfg = Release|Any CPU
		{E97C6D15-D36A-4D83-AF74-715D13AFE8B7}.Release|Any CPU.Build.0 = Release|Any CPU
		{F03D781E-BED3-493F-AE63-313105A4BB31}.Debug|Any CPU.ActiveCfg = Debug|Any CPU
		{F03D781E-BED3-493F-AE63-313105A4BB31}.Debug|Any CPU.Build.0 = Debug|Any CPU
		{F03D781E-BED3-493F-AE63-313105A4BB31}.Release|Any CPU.ActiveCfg = Release|Any CPU
		{F03D781E-BED3-493F-AE63-313105A4BB31}.Release|Any CPU.Build.0 = Release|Any CPU
		{AF86D73F-E82F-4517-9440-289797D9E4D1}.Debug|Any CPU.ActiveCfg = Debug|Any CPU
		{AF86D73F-E82F-4517-9440-289797D9E4D1}.Debug|Any CPU.Build.0 = Debug|Any CPU
		{AF86D73F-E82F-4517-9440-289797D9E4D1}.Release|Any CPU.ActiveCfg = Release|Any CPU
		{AF86D73F-E82F-4517-9440-289797D9E4D1}.Release|Any CPU.Build.0 = Release|Any CPU
		{D10C39DA-F41A-4FBB-97FD-E40040B9FD78}.Debug|Any CPU.ActiveCfg = Debug|Any CPU
		{D10C39DA-F41A-4FBB-97FD-E40040B9FD78}.Debug|Any CPU.Build.0 = Debug|Any CPU
		{D10C39DA-F41A-4FBB-97FD-E40040B9FD78}.Release|Any CPU.ActiveCfg = Release|Any CPU
		{D10C39DA-F41A-4FBB-97FD-E40040B9FD78}.Release|Any CPU.Build.0 = Release|Any CPU
		{1EE863EF-84A9-4837-860F-6D086587E91A}.Debug|Any CPU.ActiveCfg = Debug|Any CPU
		{1EE863EF-84A9-4837-860F-6D086587E91A}.Debug|Any CPU.Build.0 = Debug|Any CPU
		{1EE863EF-84A9-4837-860F-6D086587E91A}.Release|Any CPU.ActiveCfg = Release|Any CPU
		{1EE863EF-84A9-4837-860F-6D086587E91A}.Release|Any CPU.Build.0 = Release|Any CPU
		{9BF84B7A-D8E7-4EAF-A48B-BF98D75FB5CA}.Debug|Any CPU.ActiveCfg = Debug|Any CPU
		{9BF84B7A-D8E7-4EAF-A48B-BF98D75FB5CA}.Debug|Any CPU.Build.0 = Debug|Any CPU
		{9BF84B7A-D8E7-4EAF-A48B-BF98D75FB5CA}.Release|Any CPU.ActiveCfg = Release|Any CPU
		{9BF84B7A-D8E7-4EAF-A48B-BF98D75FB5CA}.Release|Any CPU.Build.0 = Release|Any CPU
		{B1F1E15D-82F5-4BC2-8DA4-82AEC680EA54}.Debug|Any CPU.ActiveCfg = Debug|Any CPU
		{B1F1E15D-82F5-4BC2-8DA4-82AEC680EA54}.Debug|Any CPU.Build.0 = Debug|Any CPU
		{B1F1E15D-82F5-4BC2-8DA4-82AEC680EA54}.Release|Any CPU.ActiveCfg = Release|Any CPU
		{B1F1E15D-82F5-4BC2-8DA4-82AEC680EA54}.Release|Any CPU.Build.0 = Release|Any CPU
	EndGlobalSection
	GlobalSection(SolutionProperties) = preSolution
		HideSolutionNode = FALSE
	EndGlobalSection
	GlobalSection(ExtensibilityGlobals) = postSolution
		SolutionGuid = {89C2C7F3-44CA-4EA7-A913-586452B40D3F}
	EndGlobalSection
EndGlobal
